// !$*UTF8*$!
{
	archiveVersion = 1;
	classes = {
	};
	objectVersion = 52;
	objects = {

/* Begin PBXBuildFile section */
		B14670B124B93D9C0022CAFD /* OutputView.swift in Sources */ = {isa = PBXBuildFile; fileRef = B14670B024B93D9C0022CAFD /* OutputView.swift */; };
		B14670B324B9AD7F0022CAFD /* GraphicsView.swift in Sources */ = {isa = PBXBuildFile; fileRef = B14670B224B9AD7F0022CAFD /* GraphicsView.swift */; };
		B14670B524BA6EB30022CAFD /* SchemeSourceCodeTheme.swift in Sources */ = {isa = PBXBuildFile; fileRef = B14670B424BA6EB30022CAFD /* SchemeSourceCodeTheme.swift */; };
		B159596A24B19E1700A4A5AA /* EditorView.swift in Sources */ = {isa = PBXBuildFile; fileRef = B159596924B19E1700A4A5AA /* EditorView.swift */; };
		B1649DA524BB42CB0008803F /* FullEditorView.swift in Sources */ = {isa = PBXBuildFile; fileRef = B1649DA424BB42CB0008803F /* FullEditorView.swift */; };
		B1649DA724BB43370008803F /* SimpleSchemeState.swift in Sources */ = {isa = PBXBuildFile; fileRef = B1649DA624BB43370008803F /* SimpleSchemeState.swift */; };
		B1649DA924BB43540008803F /* FilesView.swift in Sources */ = {isa = PBXBuildFile; fileRef = B1649DA824BB43540008803F /* FilesView.swift */; };
		B1649DAB24BB43820008803F /* FVFileType.swift in Sources */ = {isa = PBXBuildFile; fileRef = B1649DAA24BB43820008803F /* FVFileType.swift */; };
		B1649DAD24BB43A40008803F /* FVFile.swift in Sources */ = {isa = PBXBuildFile; fileRef = B1649DAC24BB43A40008803F /* FVFile.swift */; };
		B1649DAF24BB4EAF0008803F /* TextAlertViewExtension.swift in Sources */ = {isa = PBXBuildFile; fileRef = B1649DAE24BB4EAF0008803F /* TextAlertViewExtension.swift */; };
		B1649DB124BBF8940008803F /* HelpView.swift in Sources */ = {isa = PBXBuildFile; fileRef = B1649DB024BBF8930008803F /* HelpView.swift */; };
		B1649DB324BC08850008803F /* TextView.swift in Sources */ = {isa = PBXBuildFile; fileRef = B1649DB224BC08850008803F /* TextView.swift */; };
		B1649DBB24BE2BB90008803F /* SimpleSchemeReducer.swift in Sources */ = {isa = PBXBuildFile; fileRef = B1649DBA24BE2BB90008803F /* SimpleSchemeReducer.swift */; };
		B1649DBD24BE2C0B0008803F /* SimpleSchemeActions.swift in Sources */ = {isa = PBXBuildFile; fileRef = B1649DBC24BE2C0B0008803F /* SimpleSchemeActions.swift */; };
		B1BC1C7024B0E363008D0B4D /* AppDelegate.swift in Sources */ = {isa = PBXBuildFile; fileRef = B1BC1C6F24B0E363008D0B4D /* AppDelegate.swift */; };
		B1BC1C7224B0E363008D0B4D /* SceneDelegate.swift in Sources */ = {isa = PBXBuildFile; fileRef = B1BC1C7124B0E363008D0B4D /* SceneDelegate.swift */; };
		B1BC1C7424B0E363008D0B4D /* ContentView.swift in Sources */ = {isa = PBXBuildFile; fileRef = B1BC1C7324B0E363008D0B4D /* ContentView.swift */; };
		B1BC1C7624B0E365008D0B4D /* Assets.xcassets in Resources */ = {isa = PBXBuildFile; fileRef = B1BC1C7524B0E365008D0B4D /* Assets.xcassets */; };
		B1BC1C7924B0E365008D0B4D /* Preview Assets.xcassets in Resources */ = {isa = PBXBuildFile; fileRef = B1BC1C7824B0E365008D0B4D /* Preview Assets.xcassets */; };
		B1BC1C7C24B0E365008D0B4D /* Editor.storyboard in Resources */ = {isa = PBXBuildFile; fileRef = B1BC1C7A24B0E365008D0B4D /* Editor.storyboard */; };
		B1BC1C8524B0E3E8008D0B4D /* Sourceful in Frameworks */ = {isa = PBXBuildFile; productRef = B1BC1C8424B0E3E8008D0B4D /* Sourceful */; };
		B1BC1C8A24B0E9BD008D0B4D /* Editor.storyboard in Resources */ = {isa = PBXBuildFile; fileRef = B1BC1C8924B0E9BD008D0B4D /* Editor.storyboard */; };
		B1BC1C9024B11CCF008D0B4D /* SimpleScheme-Bridging-Header.h in Sources */ = {isa = PBXBuildFile; fileRef = B1BC1C8F24B11CCF008D0B4D /* SimpleScheme-Bridging-Header.h */; };
		B1BC1C9124B11ECC008D0B4D /* libscheme.a in Frameworks */ = {isa = PBXBuildFile; fileRef = B1BC1C8C24B11B29008D0B4D /* libscheme.a */; };
		B1BC1CA824B150D5008D0B4D /* CloudKit.framework in Frameworks */ = {isa = PBXBuildFile; fileRef = B1BC1CA724B150D5008D0B4D /* CloudKit.framework */; };
		B1F1E81424C1067600569072 /* AsyncActionsMiddleware.swift in Sources */ = {isa = PBXBuildFile; fileRef = B1F1E80A24C1067500569072 /* AsyncActionsMiddleware.swift */; };
		B1F1E81524C1067600569072 /* Store.swift in Sources */ = {isa = PBXBuildFile; fileRef = B1F1E80B24C1067500569072 /* Store.swift */; };
		B1F1E81624C1067600569072 /* StoreProvider.swift in Sources */ = {isa = PBXBuildFile; fileRef = B1F1E80C24C1067500569072 /* StoreProvider.swift */; };
		B1F1E81724C1067600569072 /* Middleware.swift in Sources */ = {isa = PBXBuildFile; fileRef = B1F1E80D24C1067500569072 /* Middleware.swift */; };
		B1F1E81824C1067600569072 /* AsyncAction.swift in Sources */ = {isa = PBXBuildFile; fileRef = B1F1E80E24C1067500569072 /* AsyncAction.swift */; };
		B1F1E81924C1067600569072 /* StoreConnector.swift in Sources */ = {isa = PBXBuildFile; fileRef = B1F1E80F24C1067600569072 /* StoreConnector.swift */; };
		B1F1E81A24C1067600569072 /* FluxState.swift in Sources */ = {isa = PBXBuildFile; fileRef = B1F1E81024C1067600569072 /* FluxState.swift */; };
		B1F1E81B24C1067600569072 /* ConnectedView.swift in Sources */ = {isa = PBXBuildFile; fileRef = B1F1E81124C1067600569072 /* ConnectedView.swift */; };
		B1F1E81C24C1067600569072 /* Reducer.swift in Sources */ = {isa = PBXBuildFile; fileRef = B1F1E81224C1067600569072 /* Reducer.swift */; };
		B1F1E81D24C1067600569072 /* Action.swift in Sources */ = {isa = PBXBuildFile; fileRef = B1F1E81324C1067600569072 /* Action.swift */; };
		B1F1E82024C12C3900569072 /* BitmapView.swift in Sources */ = {isa = PBXBuildFile; fileRef = B1F1E81F24C12C3900569072 /* BitmapView.swift */; };
		B1F1E82224C12C5B00569072 /* PixelData.swift in Sources */ = {isa = PBXBuildFile; fileRef = B1F1E82124C12C5B00569072 /* PixelData.swift */; };
/* End PBXBuildFile section */

/* Begin PBXFileReference section */
		B14670B024B93D9C0022CAFD /* OutputView.swift */ = {isa = PBXFileReference; lastKnownFileType = sourcecode.swift; path = OutputView.swift; sourceTree = "<group>"; };
		B14670B224B9AD7F0022CAFD /* GraphicsView.swift */ = {isa = PBXFileReference; fileEncoding = 4; lastKnownFileType = sourcecode.swift; path = GraphicsView.swift; sourceTree = "<group>"; };
		B14670B424BA6EB30022CAFD /* SchemeSourceCodeTheme.swift */ = {isa = PBXFileReference; lastKnownFileType = sourcecode.swift; path = SchemeSourceCodeTheme.swift; sourceTree = "<group>"; };
		B159596924B19E1700A4A5AA /* EditorView.swift */ = {isa = PBXFileReference; lastKnownFileType = sourcecode.swift; path = EditorView.swift; sourceTree = "<group>"; };
		B1649DA424BB42CB0008803F /* FullEditorView.swift */ = {isa = PBXFileReference; lastKnownFileType = sourcecode.swift; path = FullEditorView.swift; sourceTree = "<group>"; };
		B1649DA624BB43370008803F /* SimpleSchemeState.swift */ = {isa = PBXFileReference; lastKnownFileType = sourcecode.swift; path = SimpleSchemeState.swift; sourceTree = "<group>"; };
		B1649DA824BB43540008803F /* FilesView.swift */ = {isa = PBXFileReference; lastKnownFileType = sourcecode.swift; path = FilesView.swift; sourceTree = "<group>"; };
		B1649DAA24BB43820008803F /* FVFileType.swift */ = {isa = PBXFileReference; lastKnownFileType = sourcecode.swift; path = FVFileType.swift; sourceTree = "<group>"; };
		B1649DAC24BB43A40008803F /* FVFile.swift */ = {isa = PBXFileReference; lastKnownFileType = sourcecode.swift; path = FVFile.swift; sourceTree = "<group>"; };
		B1649DAE24BB4EAF0008803F /* TextAlertViewExtension.swift */ = {isa = PBXFileReference; lastKnownFileType = sourcecode.swift; path = TextAlertViewExtension.swift; sourceTree = "<group>"; };
		B1649DB024BBF8930008803F /* HelpView.swift */ = {isa = PBXFileReference; lastKnownFileType = sourcecode.swift; path = HelpView.swift; sourceTree = "<group>"; };
		B1649DB224BC08850008803F /* TextView.swift */ = {isa = PBXFileReference; lastKnownFileType = sourcecode.swift; path = TextView.swift; sourceTree = "<group>"; };
		B1649DBA24BE2BB90008803F /* SimpleSchemeReducer.swift */ = {isa = PBXFileReference; lastKnownFileType = sourcecode.swift; path = SimpleSchemeReducer.swift; sourceTree = "<group>"; };
		B1649DBC24BE2C0B0008803F /* SimpleSchemeActions.swift */ = {isa = PBXFileReference; lastKnownFileType = sourcecode.swift; path = SimpleSchemeActions.swift; sourceTree = "<group>"; };
		B1BC1C6C24B0E363008D0B4D /* SimpleScheme.app */ = {isa = PBXFileReference; explicitFileType = wrapper.application; includeInIndex = 0; path = SimpleScheme.app; sourceTree = BUILT_PRODUCTS_DIR; };
		B1BC1C6F24B0E363008D0B4D /* AppDelegate.swift */ = {isa = PBXFileReference; lastKnownFileType = sourcecode.swift; path = AppDelegate.swift; sourceTree = "<group>"; };
		B1BC1C7124B0E363008D0B4D /* SceneDelegate.swift */ = {isa = PBXFileReference; lastKnownFileType = sourcecode.swift; path = SceneDelegate.swift; sourceTree = "<group>"; };
		B1BC1C7324B0E363008D0B4D /* ContentView.swift */ = {isa = PBXFileReference; lastKnownFileType = sourcecode.swift; path = ContentView.swift; sourceTree = "<group>"; };
		B1BC1C7524B0E365008D0B4D /* Assets.xcassets */ = {isa = PBXFileReference; lastKnownFileType = folder.assetcatalog; path = Assets.xcassets; sourceTree = "<group>"; };
		B1BC1C7824B0E365008D0B4D /* Preview Assets.xcassets */ = {isa = PBXFileReference; lastKnownFileType = folder.assetcatalog; path = "Preview Assets.xcassets"; sourceTree = "<group>"; };
		B1BC1C7B24B0E365008D0B4D /* Base */ = {isa = PBXFileReference; lastKnownFileType = file.storyboard; name = Base; path = Base.lproj/Editor.storyboard; sourceTree = "<group>"; };
		B1BC1C7D24B0E365008D0B4D /* Info.plist */ = {isa = PBXFileReference; lastKnownFileType = text.plist.xml; path = Info.plist; sourceTree = "<group>"; };
		B1BC1C8924B0E9BD008D0B4D /* Editor.storyboard */ = {isa = PBXFileReference; lastKnownFileType = file.storyboard; path = Editor.storyboard; sourceTree = "<group>"; };
		B1BC1C8C24B11B29008D0B4D /* libscheme.a */ = {isa = PBXFileReference; lastKnownFileType = archive.ar; name = libscheme.a; path = SimpleScheme/libscheme.a; sourceTree = "<group>"; };
		B1BC1C8D24B11B46008D0B4D /* scheme.h */ = {isa = PBXFileReference; fileEncoding = 4; lastKnownFileType = sourcecode.c.h; path = scheme.h; sourceTree = "<group>"; };
		B1BC1C8E24B11B6A008D0B4D /* SimpleScheme-Bridging-Header.h */ = {isa = PBXFileReference; lastKnownFileType = sourcecode.c.h; path = "SimpleScheme-Bridging-Header.h"; sourceTree = "<group>"; };
		B1BC1C8F24B11CCF008D0B4D /* SimpleScheme-Bridging-Header.h */ = {isa = PBXFileReference; lastKnownFileType = sourcecode.c.h; path = "SimpleScheme-Bridging-Header.h"; sourceTree = "<group>"; };
		B1BC1CA624B13CF2008D0B4D /* SimpleScheme.entitlements */ = {isa = PBXFileReference; lastKnownFileType = text.plist.entitlements; path = SimpleScheme.entitlements; sourceTree = "<group>"; };
		B1BC1CA724B150D5008D0B4D /* CloudKit.framework */ = {isa = PBXFileReference; lastKnownFileType = wrapper.framework; name = CloudKit.framework; path = System/Library/Frameworks/CloudKit.framework; sourceTree = SDKROOT; };
		B1F1E80824C1065700569072 /* SwiftUIFlux */ = {isa = PBXFileReference; lastKnownFileType = folder; path = SwiftUIFlux; sourceTree = "<group>"; };
		B1F1E80A24C1067500569072 /* AsyncActionsMiddleware.swift */ = {isa = PBXFileReference; lastKnownFileType = sourcecode.swift; name = AsyncActionsMiddleware.swift; path = SimpleScheme/SwiftUIFlux/middleware/AsyncActionsMiddleware.swift; sourceTree = "<group>"; };
		B1F1E80B24C1067500569072 /* Store.swift */ = {isa = PBXFileReference; lastKnownFileType = sourcecode.swift; name = Store.swift; path = SimpleScheme/SwiftUIFlux/Store.swift; sourceTree = "<group>"; };
		B1F1E80C24C1067500569072 /* StoreProvider.swift */ = {isa = PBXFileReference; lastKnownFileType = sourcecode.swift; name = StoreProvider.swift; path = SimpleScheme/SwiftUIFlux/connector/StoreProvider.swift; sourceTree = "<group>"; };
		B1F1E80D24C1067500569072 /* Middleware.swift */ = {isa = PBXFileReference; lastKnownFileType = sourcecode.swift; name = Middleware.swift; path = SimpleScheme/SwiftUIFlux/protocols/Middleware.swift; sourceTree = "<group>"; };
		B1F1E80E24C1067500569072 /* AsyncAction.swift */ = {isa = PBXFileReference; lastKnownFileType = sourcecode.swift; name = AsyncAction.swift; path = SimpleScheme/SwiftUIFlux/protocols/AsyncAction.swift; sourceTree = "<group>"; };
		B1F1E80F24C1067600569072 /* StoreConnector.swift */ = {isa = PBXFileReference; lastKnownFileType = sourcecode.swift; name = StoreConnector.swift; path = SimpleScheme/SwiftUIFlux/connector/StoreConnector.swift; sourceTree = "<group>"; };
		B1F1E81024C1067600569072 /* FluxState.swift */ = {isa = PBXFileReference; lastKnownFileType = sourcecode.swift; name = FluxState.swift; path = SimpleScheme/SwiftUIFlux/protocols/FluxState.swift; sourceTree = "<group>"; };
		B1F1E81124C1067600569072 /* ConnectedView.swift */ = {isa = PBXFileReference; lastKnownFileType = sourcecode.swift; name = ConnectedView.swift; path = SimpleScheme/SwiftUIFlux/connector/ConnectedView.swift; sourceTree = "<group>"; };
		B1F1E81224C1067600569072 /* Reducer.swift */ = {isa = PBXFileReference; lastKnownFileType = sourcecode.swift; name = Reducer.swift; path = SimpleScheme/SwiftUIFlux/protocols/Reducer.swift; sourceTree = "<group>"; };
		B1F1E81324C1067600569072 /* Action.swift */ = {isa = PBXFileReference; lastKnownFileType = sourcecode.swift; name = Action.swift; path = SimpleScheme/SwiftUIFlux/protocols/Action.swift; sourceTree = "<group>"; };
		B1F1E81F24C12C3900569072 /* BitmapView.swift */ = {isa = PBXFileReference; lastKnownFileType = sourcecode.swift; path = BitmapView.swift; sourceTree = "<group>"; };
		B1F1E82124C12C5B00569072 /* PixelData.swift */ = {isa = PBXFileReference; lastKnownFileType = sourcecode.swift; path = PixelData.swift; sourceTree = "<group>"; };
/* End PBXFileReference section */

/* Begin PBXFrameworksBuildPhase section */
		B1BC1C6924B0E363008D0B4D /* Frameworks */ = {
			isa = PBXFrameworksBuildPhase;
			buildActionMask = 2147483647;
			files = (
				B1BC1CA824B150D5008D0B4D /* CloudKit.framework in Frameworks */,
				B1BC1C9124B11ECC008D0B4D /* libscheme.a in Frameworks */,
				B1BC1C8524B0E3E8008D0B4D /* Sourceful in Frameworks */,
			);
			runOnlyForDeploymentPostprocessing = 0;
		};
/* End PBXFrameworksBuildPhase section */

/* Begin PBXGroup section */
		B1649DB724BE2AFD0008803F /* Views */ = {
			isa = PBXGroup;
			children = (
				B1BC1C7324B0E363008D0B4D /* ContentView.swift */,
				B1F1E81F24C12C3900569072 /* BitmapView.swift */,
				B1F1E82124C12C5B00569072 /* PixelData.swift */,
				B1649DB024BBF8930008803F /* HelpView.swift */,
				B1649DB224BC08850008803F /* TextView.swift */,
				B1649DAE24BB4EAF0008803F /* TextAlertViewExtension.swift */,
				B1649DA824BB43540008803F /* FilesView.swift */,
				B14670B024B93D9C0022CAFD /* OutputView.swift */,
				B14670B224B9AD7F0022CAFD /* GraphicsView.swift */,
				B159596924B19E1700A4A5AA /* EditorView.swift */,
				B1649DA424BB42CB0008803F /* FullEditorView.swift */,
			);
			path = Views;
			sourceTree = "<group>";
		};
		B1649DB824BE2B290008803F /* Entities */ = {
			isa = PBXGroup;
			children = (
				B1649DAA24BB43820008803F /* FVFileType.swift */,
				B1649DAC24BB43A40008803F /* FVFile.swift */,
			);
			path = Entities;
			sourceTree = "<group>";
		};
		B1649DB924BE2B380008803F /* Sourceful */ = {
			isa = PBXGroup;
			children = (
				B14670B424BA6EB30022CAFD /* SchemeSourceCodeTheme.swift */,
			);
			path = Sourceful;
			sourceTree = "<group>";
		};
		B1BC1C6324B0E363008D0B4D = {
			isa = PBXGroup;
			children = (
				B1F1E81E24C1068700569072 /* FilesAddedToCompileSourcesList */,
				B1BC1C6E24B0E363008D0B4D /* SimpleScheme */,
				B1BC1C6D24B0E363008D0B4D /* Products */,
				B1BC1C8B24B11B29008D0B4D /* Frameworks */,
			);
			sourceTree = "<group>";
		};
		B1BC1C6D24B0E363008D0B4D /* Products */ = {
			isa = PBXGroup;
			children = (
				B1BC1C6C24B0E363008D0B4D /* SimpleScheme.app */,
			);
			name = Products;
			sourceTree = "<group>";
		};
		B1BC1C6E24B0E363008D0B4D /* SimpleScheme */ = {
			isa = PBXGroup;
			children = (
				B1F1E80824C1065700569072 /* SwiftUIFlux */,
				B1649DB924BE2B380008803F /* Sourceful */,
				B1649DB824BE2B290008803F /* Entities */,
				B1649DB724BE2AFD0008803F /* Views */,
				B1BC1C8924B0E9BD008D0B4D /* Editor.storyboard */,
				B1BC1CA624B13CF2008D0B4D /* SimpleScheme.entitlements */,
				B1BC1C8F24B11CCF008D0B4D /* SimpleScheme-Bridging-Header.h */,
				B1BC1C8D24B11B46008D0B4D /* scheme.h */,
				B1BC1C6F24B0E363008D0B4D /* AppDelegate.swift */,
				B1BC1C7124B0E363008D0B4D /* SceneDelegate.swift */,
				B1BC1C7524B0E365008D0B4D /* Assets.xcassets */,
				B1BC1C7A24B0E365008D0B4D /* Editor.storyboard */,
				B1BC1C7D24B0E365008D0B4D /* Info.plist */,
				B1BC1C7724B0E365008D0B4D /* Preview Content */,
				B1BC1C8E24B11B6A008D0B4D /* SimpleScheme-Bridging-Header.h */,
				B1649DA624BB43370008803F /* SimpleSchemeState.swift */,
				B1649DBA24BE2BB90008803F /* SimpleSchemeReducer.swift */,
				B1649DBC24BE2C0B0008803F /* SimpleSchemeActions.swift */,
			);
			path = SimpleScheme;
			sourceTree = "<group>";
		};
		B1BC1C7724B0E365008D0B4D /* Preview Content */ = {
			isa = PBXGroup;
			children = (
				B1BC1C7824B0E365008D0B4D /* Preview Assets.xcassets */,
			);
			path = "Preview Content";
			sourceTree = "<group>";
		};
		B1BC1C8B24B11B29008D0B4D /* Frameworks */ = {
			isa = PBXGroup;
			children = (
				B1BC1CA724B150D5008D0B4D /* CloudKit.framework */,
				B1BC1C8C24B11B29008D0B4D /* libscheme.a */,
			);
			name = Frameworks;
			sourceTree = "<group>";
		};
		B1F1E81E24C1068700569072 /* FilesAddedToCompileSourcesList */ = {
			isa = PBXGroup;
			children = (
				B1F1E81124C1067600569072 /* ConnectedView.swift */,
				B1F1E80F24C1067600569072 /* StoreConnector.swift */,
				B1F1E80C24C1067500569072 /* StoreProvider.swift */,
				B1F1E80A24C1067500569072 /* AsyncActionsMiddleware.swift */,
				B1F1E81324C1067600569072 /* Action.swift */,
				B1F1E80E24C1067500569072 /* AsyncAction.swift */,
				B1F1E81024C1067600569072 /* FluxState.swift */,
				B1F1E80D24C1067500569072 /* Middleware.swift */,
				B1F1E81224C1067600569072 /* Reducer.swift */,
				B1F1E80B24C1067500569072 /* Store.swift */,
			);
			name = FilesAddedToCompileSourcesList;
			sourceTree = "<group>";
		};
/* End PBXGroup section */

/* Begin PBXNativeTarget section */
		B1BC1C6B24B0E363008D0B4D /* SimpleScheme */ = {
			isa = PBXNativeTarget;
			buildConfigurationList = B1BC1C8024B0E365008D0B4D /* Build configuration list for PBXNativeTarget "SimpleScheme" */;
			buildPhases = (
				B1BC1C6824B0E363008D0B4D /* Sources */,
				B1BC1C6924B0E363008D0B4D /* Frameworks */,
				B1BC1C6A24B0E363008D0B4D /* Resources */,
			);
			buildRules = (
			);
			dependencies = (
			);
			name = SimpleScheme;
			packageProductDependencies = (
				B1BC1C8424B0E3E8008D0B4D /* Sourceful */,
			);
			productName = SimpleScheme;
			productReference = B1BC1C6C24B0E363008D0B4D /* SimpleScheme.app */;
			productType = "com.apple.product-type.application";
		};
/* End PBXNativeTarget section */

/* Begin PBXProject section */
		B1BC1C6424B0E363008D0B4D /* Project object */ = {
			isa = PBXProject;
			attributes = {
				LastSwiftUpdateCheck = 1150;
				LastUpgradeCheck = 1150;
				ORGANIZATIONNAME = "Bradley Barrows";
				TargetAttributes = {
					B1BC1C6B24B0E363008D0B4D = {
						CreatedOnToolsVersion = 11.5;
					};
				};
			};
			buildConfigurationList = B1BC1C6724B0E363008D0B4D /* Build configuration list for PBXProject "SimpleScheme" */;
			compatibilityVersion = "Xcode 9.3";
			developmentRegion = en;
			hasScannedForEncodings = 0;
			knownRegions = (
				en,
				Base,
			);
			mainGroup = B1BC1C6324B0E363008D0B4D;
			packageReferences = (
				B1BC1C8324B0E3E8008D0B4D /* XCRemoteSwiftPackageReference "Sourceful" */,
			);
			productRefGroup = B1BC1C6D24B0E363008D0B4D /* Products */;
			projectDirPath = "";
			projectRoot = "";
			targets = (
				B1BC1C6B24B0E363008D0B4D /* SimpleScheme */,
			);
		};
/* End PBXProject section */

/* Begin PBXResourcesBuildPhase section */
		B1BC1C6A24B0E363008D0B4D /* Resources */ = {
			isa = PBXResourcesBuildPhase;
			buildActionMask = 2147483647;
			files = (
				B1BC1C7C24B0E365008D0B4D /* Editor.storyboard in Resources */,
				B1BC1C7924B0E365008D0B4D /* Preview Assets.xcassets in Resources */,
				B1BC1C7624B0E365008D0B4D /* Assets.xcassets in Resources */,
				B1BC1C8A24B0E9BD008D0B4D /* Editor.storyboard in Resources */,
			);
			runOnlyForDeploymentPostprocessing = 0;
		};
/* End PBXResourcesBuildPhase section */

/* Begin PBXSourcesBuildPhase section */
		B1BC1C6824B0E363008D0B4D /* Sources */ = {
			isa = PBXSourcesBuildPhase;
			buildActionMask = 2147483647;
			files = (
				B1F1E81424C1067600569072 /* AsyncActionsMiddleware.swift in Sources */,
				B1F1E81524C1067600569072 /* Store.swift in Sources */,
				B1F1E81624C1067600569072 /* StoreProvider.swift in Sources */,
				B1F1E81724C1067600569072 /* Middleware.swift in Sources */,
				B1F1E81824C1067600569072 /* AsyncAction.swift in Sources */,
				B1F1E81924C1067600569072 /* StoreConnector.swift in Sources */,
				B1F1E81A24C1067600569072 /* FluxState.swift in Sources */,
				B1F1E81B24C1067600569072 /* ConnectedView.swift in Sources */,
				B1F1E81C24C1067600569072 /* Reducer.swift in Sources */,
				B1F1E82024C12C3900569072 /* BitmapView.swift in Sources */,
				B1F1E81D24C1067600569072 /* Action.swift in Sources */,
				B1BC1C9024B11CCF008D0B4D /* SimpleScheme-Bridging-Header.h in Sources */,
				B1BC1C7024B0E363008D0B4D /* AppDelegate.swift in Sources */,
				B1649DA524BB42CB0008803F /* FullEditorView.swift in Sources */,
				B1649DAF24BB4EAF0008803F /* TextAlertViewExtension.swift in Sources */,
				B1649DAD24BB43A40008803F /* FVFile.swift in Sources */,
				B1649DA724BB43370008803F /* SimpleSchemeState.swift in Sources */,
				B14670B324B9AD7F0022CAFD /* GraphicsView.swift in Sources */,
				B1F1E82224C12C5B00569072 /* PixelData.swift in Sources */,
				B159596A24B19E1700A4A5AA /* EditorView.swift in Sources */,
				B14670B524BA6EB30022CAFD /* SchemeSourceCodeTheme.swift in Sources */,
				B1649DBB24BE2BB90008803F /* SimpleSchemeReducer.swift in Sources */,
				B1649DB324BC08850008803F /* TextView.swift in Sources */,
				B1BC1C7224B0E363008D0B4D /* SceneDelegate.swift in Sources */,
				B1BC1C7424B0E363008D0B4D /* ContentView.swift in Sources */,
				B1649DAB24BB43820008803F /* FVFileType.swift in Sources */,
				B1649DBD24BE2C0B0008803F /* SimpleSchemeActions.swift in Sources */,
				B1649DA924BB43540008803F /* FilesView.swift in Sources */,
				B1649DB124BBF8940008803F /* HelpView.swift in Sources */,
				B14670B124B93D9C0022CAFD /* OutputView.swift in Sources */,
			);
			runOnlyForDeploymentPostprocessing = 0;
		};
/* End PBXSourcesBuildPhase section */

/* Begin PBXVariantGroup section */
		B1BC1C7A24B0E365008D0B4D /* Editor.storyboard */ = {
			isa = PBXVariantGroup;
			children = (
				B1BC1C7B24B0E365008D0B4D /* Base */,
			);
			name = Editor.storyboard;
			sourceTree = "<group>";
		};
/* End PBXVariantGroup section */

/* Begin XCBuildConfiguration section */
		B1BC1C7E24B0E365008D0B4D /* Debug */ = {
			isa = XCBuildConfiguration;
			buildSettings = {
				ALWAYS_SEARCH_USER_PATHS = NO;
				ARCHS = "$(ARCHS_STANDARD)";
				CLANG_ANALYZER_NONNULL = YES;
				CLANG_ANALYZER_NUMBER_OBJECT_CONVERSION = YES_AGGRESSIVE;
				CLANG_CXX_LANGUAGE_STANDARD = "gnu++14";
				CLANG_CXX_LIBRARY = "libc++";
				CLANG_ENABLE_MODULES = YES;
				CLANG_ENABLE_OBJC_ARC = YES;
				CLANG_ENABLE_OBJC_WEAK = YES;
				CLANG_WARN_BLOCK_CAPTURE_AUTORELEASING = YES;
				CLANG_WARN_BOOL_CONVERSION = YES;
				CLANG_WARN_COMMA = YES;
				CLANG_WARN_CONSTANT_CONVERSION = YES;
				CLANG_WARN_DEPRECATED_OBJC_IMPLEMENTATIONS = YES;
				CLANG_WARN_DIRECT_OBJC_ISA_USAGE = YES_ERROR;
				CLANG_WARN_DOCUMENTATION_COMMENTS = YES;
				CLANG_WARN_EMPTY_BODY = YES;
				CLANG_WARN_ENUM_CONVERSION = YES;
				CLANG_WARN_INFINITE_RECURSION = YES;
				CLANG_WARN_INT_CONVERSION = YES;
				CLANG_WARN_NON_LITERAL_NULL_CONVERSION = YES;
				CLANG_WARN_OBJC_IMPLICIT_RETAIN_SELF = YES;
				CLANG_WARN_OBJC_LITERAL_CONVERSION = YES;
				CLANG_WARN_OBJC_ROOT_CLASS = YES_ERROR;
				CLANG_WARN_RANGE_LOOP_ANALYSIS = YES;
				CLANG_WARN_STRICT_PROTOTYPES = YES;
				CLANG_WARN_SUSPICIOUS_MOVE = YES;
				CLANG_WARN_UNGUARDED_AVAILABILITY = YES_AGGRESSIVE;
				CLANG_WARN_UNREACHABLE_CODE = YES;
				CLANG_WARN__DUPLICATE_METHOD_MATCH = YES;
				COPY_PHASE_STRIP = NO;
				DEBUG_INFORMATION_FORMAT = dwarf;
				ENABLE_STRICT_OBJC_MSGSEND = YES;
				ENABLE_TESTABILITY = YES;
				GCC_C_LANGUAGE_STANDARD = gnu11;
				GCC_DYNAMIC_NO_PIC = NO;
				GCC_NO_COMMON_BLOCKS = YES;
				GCC_OPTIMIZATION_LEVEL = 0;
				GCC_PREPROCESSOR_DEFINITIONS = (
					"DEBUG=1",
					"$(inherited)",
				);
				GCC_WARN_64_TO_32_BIT_CONVERSION = YES;
				GCC_WARN_ABOUT_RETURN_TYPE = YES_ERROR;
				GCC_WARN_UNDECLARED_SELECTOR = YES;
				GCC_WARN_UNINITIALIZED_AUTOS = YES_AGGRESSIVE;
				GCC_WARN_UNUSED_FUNCTION = YES;
				GCC_WARN_UNUSED_VARIABLE = YES;
				IPHONEOS_DEPLOYMENT_TARGET = 13.5;
				MTL_ENABLE_DEBUG_INFO = INCLUDE_SOURCE;
				MTL_FAST_MATH = YES;
				ONLY_ACTIVE_ARCH = NO;
				SDKROOT = iphoneos;
				SWIFT_ACTIVE_COMPILATION_CONDITIONS = DEBUG;
				SWIFT_OPTIMIZATION_LEVEL = "-Onone";
				VALID_ARCHS = "";
			};
			name = Debug;
		};
		B1BC1C7F24B0E365008D0B4D /* Release */ = {
			isa = XCBuildConfiguration;
			buildSettings = {
				ALWAYS_SEARCH_USER_PATHS = NO;
				ARCHS = "$(ARCHS_STANDARD)";
				CLANG_ANALYZER_NONNULL = YES;
				CLANG_ANALYZER_NUMBER_OBJECT_CONVERSION = YES_AGGRESSIVE;
				CLANG_CXX_LANGUAGE_STANDARD = "gnu++14";
				CLANG_CXX_LIBRARY = "libc++";
				CLANG_ENABLE_MODULES = YES;
				CLANG_ENABLE_OBJC_ARC = YES;
				CLANG_ENABLE_OBJC_WEAK = YES;
				CLANG_WARN_BLOCK_CAPTURE_AUTORELEASING = YES;
				CLANG_WARN_BOOL_CONVERSION = YES;
				CLANG_WARN_COMMA = YES;
				CLANG_WARN_CONSTANT_CONVERSION = YES;
				CLANG_WARN_DEPRECATED_OBJC_IMPLEMENTATIONS = YES;
				CLANG_WARN_DIRECT_OBJC_ISA_USAGE = YES_ERROR;
				CLANG_WARN_DOCUMENTATION_COMMENTS = YES;
				CLANG_WARN_EMPTY_BODY = YES;
				CLANG_WARN_ENUM_CONVERSION = YES;
				CLANG_WARN_INFINITE_RECURSION = YES;
				CLANG_WARN_INT_CONVERSION = YES;
				CLANG_WARN_NON_LITERAL_NULL_CONVERSION = YES;
				CLANG_WARN_OBJC_IMPLICIT_RETAIN_SELF = YES;
				CLANG_WARN_OBJC_LITERAL_CONVERSION = YES;
				CLANG_WARN_OBJC_ROOT_CLASS = YES_ERROR;
				CLANG_WARN_RANGE_LOOP_ANALYSIS = YES;
				CLANG_WARN_STRICT_PROTOTYPES = YES;
				CLANG_WARN_SUSPICIOUS_MOVE = YES;
				CLANG_WARN_UNGUARDED_AVAILABILITY = YES_AGGRESSIVE;
				CLANG_WARN_UNREACHABLE_CODE = YES;
				CLANG_WARN__DUPLICATE_METHOD_MATCH = YES;
				COPY_PHASE_STRIP = NO;
				DEBUG_INFORMATION_FORMAT = "dwarf-with-dsym";
				ENABLE_NS_ASSERTIONS = NO;
				ENABLE_STRICT_OBJC_MSGSEND = YES;
				GCC_C_LANGUAGE_STANDARD = gnu11;
				GCC_NO_COMMON_BLOCKS = YES;
				GCC_WARN_64_TO_32_BIT_CONVERSION = YES;
				GCC_WARN_ABOUT_RETURN_TYPE = YES_ERROR;
				GCC_WARN_UNDECLARED_SELECTOR = YES;
				GCC_WARN_UNINITIALIZED_AUTOS = YES_AGGRESSIVE;
				GCC_WARN_UNUSED_FUNCTION = YES;
				GCC_WARN_UNUSED_VARIABLE = YES;
				IPHONEOS_DEPLOYMENT_TARGET = 13.5;
				MTL_ENABLE_DEBUG_INFO = NO;
				MTL_FAST_MATH = YES;
				SDKROOT = iphoneos;
				SWIFT_COMPILATION_MODE = wholemodule;
				SWIFT_OPTIMIZATION_LEVEL = "-O";
				VALIDATE_PRODUCT = YES;
				VALID_ARCHS = "";
			};
			name = Release;
		};
		B1BC1C8124B0E365008D0B4D /* Debug */ = {
			isa = XCBuildConfiguration;
			buildSettings = {
				ARCHS = arm64;
				ASSETCATALOG_COMPILER_APPICON_NAME = AppIcon;
				CODE_SIGN_ENTITLEMENTS = SimpleScheme/SimpleScheme.entitlements;
				CODE_SIGN_STYLE = Automatic;
				DEVELOPMENT_ASSET_PATHS = "\"SimpleScheme/Preview Content\"";
				DEVELOPMENT_TEAM = J224A9FKGZ;
				ENABLE_BITCODE = NO;
				ENABLE_PREVIEWS = YES;
				INFOPLIST_FILE = SimpleScheme/Info.plist;
				LD_RUNPATH_SEARCH_PATHS = (
					"$(inherited)",
					"@executable_path/Frameworks",
				);
				LIBRARY_SEARCH_PATHS = (
					"$(inherited)",
					"$(PROJECT_DIR)/SimpleScheme",
				);
				ONLY_ACTIVE_ARCH = NO;
				PRODUCT_BUNDLE_IDENTIFIER = com.bbarrows.SimpleScheme;
				PRODUCT_NAME = "$(TARGET_NAME)";
				SWIFT_OBJC_BRIDGING_HEADER = "$(PROJECT_DIR)/SimpleScheme/SimpleScheme-Bridging-Header.h";
				SWIFT_VERSION = 5.0;
				TARGETED_DEVICE_FAMILY = "1,2";
				VALID_ARCHS = "arm64 x86_64";
			};
			name = Debug;
		};
		B1BC1C8224B0E365008D0B4D /* Release */ = {
			isa = XCBuildConfiguration;
			buildSettings = {
				ARCHS = arm64;
				ASSETCATALOG_COMPILER_APPICON_NAME = AppIcon;
				CODE_SIGN_ENTITLEMENTS = SimpleScheme/SimpleScheme.entitlements;
				CODE_SIGN_STYLE = Automatic;
				DEVELOPMENT_ASSET_PATHS = "\"SimpleScheme/Preview Content\"";
				DEVELOPMENT_TEAM = J224A9FKGZ;
				ENABLE_BITCODE = NO;
				ENABLE_PREVIEWS = YES;
				INFOPLIST_FILE = SimpleScheme/Info.plist;
				LD_RUNPATH_SEARCH_PATHS = (
					"$(inherited)",
					"@executable_path/Frameworks",
				);
				LIBRARY_SEARCH_PATHS = (
					"$(inherited)",
					"$(PROJECT_DIR)/SimpleScheme",
				);
				ONLY_ACTIVE_ARCH = NO;
				PRODUCT_BUNDLE_IDENTIFIER = com.bbarrows.SimpleScheme;
				PRODUCT_NAME = "$(TARGET_NAME)";
				SWIFT_OBJC_BRIDGING_HEADER = "$(PROJECT_DIR)/SimpleScheme/SimpleScheme-Bridging-Header.h";
				SWIFT_VERSION = 5.0;
				TARGETED_DEVICE_FAMILY = "1,2";
				VALID_ARCHS = "arm64 x86_64";
			};
			name = Release;
		};
/* End XCBuildConfiguration section */

/* Begin XCConfigurationList section */
		B1BC1C6724B0E363008D0B4D /* Build configuration list for PBXProject "SimpleScheme" */ = {
			isa = XCConfigurationList;
			buildConfigurations = (
				B1BC1C7E24B0E365008D0B4D /* Debug */,
				B1BC1C7F24B0E365008D0B4D /* Release */,
			);
			defaultConfigurationIsVisible = 0;
			defaultConfigurationName = Release;
		};
		B1BC1C8024B0E365008D0B4D /* Build configuration list for PBXNativeTarget "SimpleScheme" */ = {
			isa = XCConfigurationList;
			buildConfigurations = (
				B1BC1C8124B0E365008D0B4D /* Debug */,
				B1BC1C8224B0E365008D0B4D /* Release */,
			);
			defaultConfigurationIsVisible = 0;
			defaultConfigurationName = Release;
		};
/* End XCConfigurationList section */

/* Begin XCRemoteSwiftPackageReference section */
		B1BC1C8324B0E3E8008D0B4D /* XCRemoteSwiftPackageReference "Sourceful" */ = {
			isa = XCRemoteSwiftPackageReference;
			repositoryURL = "https://github.com/twostraws/Sourceful";
			requirement = {
				kind = revision;
				revision = aa87f034e6d6d6c8e5b5e7992d66805678b01fb1;
			};
		};
/* End XCRemoteSwiftPackageReference section */

/* Begin XCSwiftPackageProductDependency section */
		B1BC1C8424B0E3E8008D0B4D /* Sourceful */ = {
			isa = XCSwiftPackageProductDependency;
			package = B1BC1C8324B0E3E8008D0B4D /* XCRemoteSwiftPackageReference "Sourceful" */;
			productName = Sourceful;
		};
/* End XCSwiftPackageProductDependency section */
	};
	rootObject = B1BC1C6424B0E363008D0B4D /* Project object */;
}
